
Microsoft Visual Studio Solution File, Format Version 12.00
# Visual Studio Version 16
VisualStudioVersion = 16.0.31410.357
MinimumVisualStudioVersion = 10.0.40219.1
Project("{FAE04EC0-301F-11D3-BF4B-00C04F79EFBC}") = "FiveAsideUI", "FiveAsideUI\FiveAsideUI.csproj", "{5F82CC31-9765-4809-A7FF-B89DCD4BC87E}"
EndProject
Global
	GlobalSection(SolutionConfigurationPlatforms) = preSolution
		Debug|Any CPU = Debug|Any CPU
		Release|Any CPU = Release|Any CPU
	EndGlobalSection
	GlobalSection(ProjectConfigurationPlatforms) = postSolution
		{5F82CC31-9765-4809-A7FF-B89DCD4BC87E}.Debug|Any CPU.ActiveCfg = Debug|Any CPU
		{5F82CC31-9765-4809-A7FF-B89DCD4BC87E}.Debug|Any CPU.Build.0 = Debug|Any CPU
		{5F82CC31-9765-4809-A7FF-B89DCD4BC87E}.Release|Any CPU.ActiveCfg = Release|Any CPU
		{5F82CC31-9765-4809-A7FF-B89DCD4BC87E}.Release|Any CPU.Build.0 = Release|Any CPU
	EndGlobalSection
	GlobalSection(SolutionProperties) = preSolution
		HideSolutionNode = FALSE
	EndGlobalSection
	GlobalSection(ExtensibilityGlobals) = postSolution
		SolutionGuid = {3FB24446-11F9-430A-8BB4-8AC52FD5D255}
	EndGlobalSection
EndGlobal
